{
  "name": "plugin",
  "version": "1.0.0",
  "lockfileVersion": 1,
  "requires": true,
  "dependencies": {
    "package1": {
      "version": "git+ssh://git@github.com/villarama37/package1.git#f5afa453abbcbc1c13bd48fc38473a064fd1ca73",
      "from": "git+ssh://git@github.com/villarama37/package1.git#master"
    }
  }
}
