{
  "name": "plugin",
  "version": "1.0.0",
  "lockfileVersion": 1,
  "requires": true,
  "dependencies": {
    "package1": {
      "version": "git+ssh://git@github.com/villarama37/package1.git#c3330ede611520d46bcee85afe6c1ed398b3b607",
      "from": "git+ssh://git@github.com/villarama37/package1.git#master"
    }
  }
}
